<?xml version="1.0" encoding="utf-8"?>
<Project ToolsVersion="4.0" xmlns="http://schemas.microsoft.com/developer/msbuild/2003">
  <ItemGroup>
    <Filter Include="源文件">
      <UniqueIdentifier>{4FC737F1-C7A5-4376-A066-2A32D752A2FF}</UniqueIdentifier>
      <Extensions>cpp;c;cc;cxx;c++;cppm;ixx;def;odl;idl;hpj;bat;asm;asmx</Extensions>
    </Filter>
    <Filter Include="头文件">
      <UniqueIdentifier>{93995380-89BD-4b04-88EB-625FBE52EBFB}</UniqueIdentifier>
      <Extensions>h;hh;hpp;hxx;h++;hm;inl;inc;ipp;xsd</Extensions>
    </Filter>
    <Filter Include="资源文件">
      <UniqueIdentifier>{67DA6AB6-F800-4c08-8B7A-83BB121AAD01}</UniqueIdentifier>
      <Extensions>rc;ico;cur;bmp;dlg;rc2;rct;bin;rgs;gif;jpg;jpeg;jpe;resx;tiff;tif;png;wav;mfcribbon-ms</Extensions>
    </Filter>
  </ItemGroup>
  <ItemGroup>
    <ClCompile Include="00_study.c">
      <Filter>源文件</Filter>
    </ClCompile>
    <ClCompile Include="01_数据类型相关的关键字.c">
      <Filter>源文件</Filter>
    </ClCompile>
    <ClCompile Include="02_printf格式化输出.c">
      <Filter>源文件</Filter>
    </ClCompile>
    <ClCompile Include="03_数据类型转换.c">
      <Filter>源文件</Filter>
    </ClCompile>
    <ClCompile Include="04位运算符.c">
      <Filter>源文件</Filter>
    </ClCompile>
    <ClCompile Include="05_条件运算符.c">
      <Filter>源文件</Filter>
    </ClCompile>
    <ClCompile Include="06_逗号运算符.c">
      <Filter>源文件</Filter>
    </ClCompile>
    <ClCompile Include="07_自变化.c">
      <Filter>源文件</Filter>
    </ClCompile>
    <ClCompile Include="08_控制分支语句.c">
      <Filter>源文件</Filter>
    </ClCompile>
    <ClCompile Include="09_控制循环语句.c">
      <Filter>源文件</Filter>
    </ClCompile>
    <ClCompile Include="10_控制语句_goto.c">
      <Filter>源文件</Filter>
    </ClCompile>
    <ClCompile Include="11_控制语句练习.c">
      <Filter>源文件</Filter>
    </ClCompile>
    <ClCompile Include="12_数组_数组的分类.c">
      <Filter>源文件</Filter>
    </ClCompile>
    <ClCompile Include="13_数组练习.c">
      <Filter>源文件</Filter>
    </ClCompile>
    <ClCompile Include="14_打字游戏.c">
      <Filter>源文件</Filter>
    </ClCompile>
    <ClCompile Include="15_函数的声明.c">
      <Filter>源文件</Filter>
    </ClCompile>
    <ClCompile Include="16_函数的分块使用.c">
      <Filter>源文件</Filter>
    </ClCompile>
    <ClCompile Include="17_普通全局变量.c">
      <Filter>源文件</Filter>
    </ClCompile>
    <ClCompile Include="18_普通全局变量_分文件1.c">
      <Filter>源文件</Filter>
    </ClCompile>
    <ClCompile Include="19_静态全局变量.c">
      <Filter>源文件</Filter>
    </ClCompile>
    <ClCompile Include="20_静态全局变量.c">
      <Filter>源文件</Filter>
    </ClCompile>
    <ClCompile Include="21_普通局部变量与静态局部变量.c">
      <Filter>源文件</Filter>
    </ClCompile>
    <ClCompile Include="22_外部函数和内部函数.c">
      <Filter>源文件</Filter>
    </ClCompile>
    <ClCompile Include="23_外部函数与内部函数.c">
      <Filter>源文件</Filter>
    </ClCompile>
    <ClCompile Include="24_c语言的编译过程.c">
      <Filter>源文件</Filter>
    </ClCompile>
    <ClCompile Include="25_不带参数宏.c">
      <Filter>源文件</Filter>
    </ClCompile>
    <ClCompile Include="26_带参数宏.c">
      <Filter>源文件</Filter>
    </ClCompile>
    <ClCompile Include="27_选择性编译.c">
      <Filter>源文件</Filter>
    </ClCompile>
    <ClCompile Include="28_case_fun.c">
      <Filter>源文件</Filter>
    </ClCompile>
    <ClCompile Include="28_选择性编译.c">
      <Filter>源文件</Filter>
    </ClCompile>
    <ClCompile Include="case_max.c">
      <Filter>源文件</Filter>
    </ClCompile>
    <ClCompile Include="case_min.c">
      <Filter>源文件</Filter>
    </ClCompile>
    <ClCompile Include="max.c">
      <Filter>源文件</Filter>
    </ClCompile>
    <ClCompile Include="min.c">
      <Filter>源文件</Filter>
    </ClCompile>
    <ClCompile Include="29_静态库的制作.c">
      <Filter>源文件</Filter>
    </ClCompile>
    <ClCompile Include="mylib.c">
      <Filter>源文件</Filter>
    </ClCompile>
    <ClCompile Include="30_动态库的制作.c">
      <Filter>源文件</Filter>
    </ClCompile>
    <ClCompile Include="31_指定的定义.c">
      <Filter>源文件</Filter>
    </ClCompile>
    <ClCompile Include="32_指针可变量的关系.c">
      <Filter>源文件</Filter>
    </ClCompile>
    <ClCompile Include="33_指针和数组元素之间的关系.c">
      <Filter>源文件</Filter>
    </ClCompile>
    <ClCompile Include="34_指针的运算.c">
      <Filter>源文件</Filter>
    </ClCompile>
    <ClCompile Include="35_指针数组.c">
      <Filter>源文件</Filter>
    </ClCompile>
    <ClCompile Include="36_指针的指针.c">
      <Filter>源文件</Filter>
    </ClCompile>
    <ClCompile Include="37_字符串与指针.c">
      <Filter>源文件</Filter>
    </ClCompile>
    <ClCompile Include="38_数组指针.c">
      <Filter>源文件</Filter>
    </ClCompile>
    <ClCompile Include="..\..\study_c\39_数组名字取地址.c">
      <Filter>源文件</Filter>
    </ClCompile>
    <ClCompile Include="..\..\study_c\40_数组名字和指针变量的区别.c">
      <Filter>源文件</Filter>
    </ClCompile>
    <ClCompile Include="..\..\study_c\42_数组名取※号.c">
      <Filter>源文件</Filter>
    </ClCompile>
    <ClCompile Include="..\..\study_c\43_指针作为函数参数传递.c">
      <Filter>源文件</Filter>
    </ClCompile>
    <ClCompile Include="44_指针作为函数的返回值.c">
      <Filter>源文件</Filter>
    </ClCompile>
    <ClCompile Include="45_函数指针的定义与使用.c">
      <Filter>源文件</Filter>
    </ClCompile>
    <ClCompile Include="46_调用函数的方法.c">
      <Filter>源文件</Filter>
    </ClCompile>
    <ClCompile Include="47_函数指针数组.c">
      <Filter>源文件</Filter>
    </ClCompile>
    <ClCompile Include="48_特殊的指针.c">
      <Filter>源文件</Filter>
    </ClCompile>
    <ClCompile Include="49_main函数传参数.c">
      <Filter>源文件</Filter>
    </ClCompile>
    <ClCompile Include="50_动态申请内存与释放内存.c">
      <Filter>源文件</Filter>
    </ClCompile>
    <ClCompile Include="51_动态申请内存malloc_calloc_realloc.c">
      <Filter>源文件</Filter>
    </ClCompile>
    <ClCompile Include="pointer_action_fun_args_and_handle.c">
      <Filter>源文件</Filter>
    </ClCompile>
    <ClCompile Include="52_测字符串长度函数.c">
      <Filter>源文件</Filter>
    </ClCompile>
    <ClCompile Include="53_字符串拷贝函数.c">
      <Filter>源文件</Filter>
    </ClCompile>
    <ClCompile Include="54_字符串追加函数.c">
      <Filter>源文件</Filter>
    </ClCompile>
    <ClCompile Include="55_字符串比较函数.c">
      <Filter>源文件</Filter>
    </ClCompile>
    <ClCompile Include="56_字符查找函数.c">
      <Filter>源文件</Filter>
    </ClCompile>
    <ClCompile Include="57_字符串匹配函数.c">
      <Filter>源文件</Filter>
    </ClCompile>
    <ClCompile Include="58_空间设定函数.c">
      <Filter>源文件</Filter>
    </ClCompile>
    <ClCompile Include="59_字符串转换数值.c">
      <Filter>源文件</Filter>
    </ClCompile>
    <ClCompile Include="60_字符串切割函数.c">
      <Filter>源文件</Filter>
    </ClCompile>
    <ClCompile Include="61_格式化字符串操作函数.c">
      <Filter>源文件</Filter>
    </ClCompile>
    <ClCompile Include="62_sscanf高级用法_跳过数据.c">
      <Filter>源文件</Filter>
    </ClCompile>
    <ClCompile Include="63_sscanf高级用法_读指定宽度的数据.c">
      <Filter>源文件</Filter>
    </ClCompile>
    <ClCompile Include="64_sscanf_高级用法_支持集合操作_只支持获取字符串_贪婪匹配.c">
      <Filter>源文件</Filter>
    </ClCompile>
    <ClCompile Include="65_修饰只读变量_const.c">
      <Filter>源文件</Filter>
    </ClCompile>
    <ClCompile Include="66_只读修饰符_const_修饰指针.c">
      <Filter>源文件</Filter>
    </ClCompile>
    <ClCompile Include="67_sscanf高级用法_练习.c">
      <Filter>源文件</Filter>
    </ClCompile>
    <ClCompile Include="68_结构体的定义与结构体变量的定义与使用.c">
      <Filter>源文件</Filter>
    </ClCompile>
    <ClCompile Include="69_结构体相互赋值与结构体数组的定义_赋值_使用.c">
      <Filter>源文件</Filter>
    </ClCompile>
    <ClCompile Include="70_结构体指针变量的定义与成员访问.c">
      <Filter>源文件</Filter>
    </ClCompile>
    <ClCompile Include="71_结构体内存分配_引出不是所有成员之和.c">
      <Filter>源文件</Filter>
    </ClCompile>
    <ClCompile Include="72_结构体内存分配_存储单位的确定.c">
      <Filter>源文件</Filter>
    </ClCompile>
    <ClCompile Include="73_结构体内存分配_字节对齐.c">
      <Filter>源文件</Filter>
    </ClCompile>
    <ClCompile Include="74_结构体指定对齐原则.c">
      <Filter>源文件</Filter>
    </ClCompile>
    <ClCompile Include="75_结构体_内存分配_位段_位域.c">
      <Filter>源文件</Filter>
    </ClCompile>
    <ClCompile Include="76_共用体_联合体_的定义与共同体变量的定义.c">
      <Filter>源文件</Filter>
    </ClCompile>
    <ClCompile Include="77_共同体_成员变量使用的是同一个存储地址.c">
      <Filter>源文件</Filter>
    </ClCompile>
    <ClCompile Include="78_共用体的特点.c">
      <Filter>源文件</Filter>
    </ClCompile>
    <ClCompile Include="79_枚举构类型的定义与枚举变量的定义.c">
      <Filter>源文件</Filter>
    </ClCompile>
    <ClCompile Include="80_文件操作_文件的打开与关闭.c">
      <Filter>源文件</Filter>
    </ClCompile>
    <ClCompile Include="81_文件操作_文件的读取与输出.c">
      <Filter>源文件</Filter>
    </ClCompile>
    <ClCompile Include="82_文件操作_文件的读取与写入_字符串.c">
      <Filter>源文件</Filter>
    </ClCompile>
    <ClCompile Include="83_文件操作_文件的多行读写_fwrite_fread.c">
      <Filter>源文件</Filter>
    </ClCompile>
    <ClCompile Include="84_文件操作_文件读写函数.c">
      <Filter>源文件</Filter>
    </ClCompile>
    <ClCompile Include="85_文件操作_练习.c">
      <Filter>源文件</Filter>
    </ClCompile>
  </ItemGroup>
  <ItemGroup>
    <ClInclude Include="19_静态全局变量.h">
      <Filter>头文件</Filter>
    </ClInclude>
    <ClInclude Include="20_静态全局变量.h">
      <Filter>头文件</Filter>
    </ClInclude>
    <ClInclude Include="28_case_fun.h">
      <Filter>头文件</Filter>
    </ClInclude>
    <ClInclude Include="case_max.h">
      <Filter>头文件</Filter>
    </ClInclude>
    <ClInclude Include="case_min.h">
      <Filter>头文件</Filter>
    </ClInclude>
    <ClInclude Include="max.h">
      <Filter>头文件</Filter>
    </ClInclude>
    <ClInclude Include="min.h">
      <Filter>头文件</Filter>
    </ClInclude>
    <ClInclude Include="函数的声明.h">
      <Filter>头文件</Filter>
    </ClInclude>
    <ClInclude Include="内部函数与外部函数.h">
      <Filter>头文件</Filter>
    </ClInclude>
    <ClInclude Include="普通全局变量.h">
      <Filter>头文件</Filter>
    </ClInclude>
    <ClInclude Include="普通全局变量_分文件.h">
      <Filter>头文件</Filter>
    </ClInclude>
    <ClInclude Include="mylib.h">
      <Filter>头文件</Filter>
    </ClInclude>
    <ClInclude Include="68_结构体的定义与结构体变量的定义与使用.h">
      <Filter>头文件</Filter>
    </ClInclude>
  </ItemGroup>
</Project>